
Microsoft Visual Studio Solution File, Format Version 12.00
# Visual Studio 15
VisualStudioVersion = 15.0.28010.2016
MinimumVisualStudioVersion = 10.0.40219.1
Project("{9A19103F-16F7-4668-BE54-9A1E7A4F7556}") = "WeatherService", "WeatherService\WeatherService.csproj", "{87AFF34D-1C32-474B-A155-CD79533AEC03}"
EndProject
Project("{FAE04EC0-301F-11D3-BF4B-00C04F79EFBC}") = "TestWeatherService", "TestWeatherService\TestWeatherService.csproj", "{BCF8BB57-3A66-49DC-B98C-6AB5A374ABB4}"
EndProject
Global
	GlobalSection(SolutionConfigurationPlatforms) = preSolution
		Debug|Any CPU = Debug|Any CPU
		Release|Any CPU = Release|Any CPU
	EndGlobalSection
	GlobalSection(ProjectConfigurationPlatforms) = postSolution
		{87AFF34D-1C32-474B-A155-CD79533AEC03}.Debug|Any CPU.ActiveCfg = Debug|Any CPU
		{87AFF34D-1C32-474B-A155-CD79533AEC03}.Debug|Any CPU.Build.0 = Debug|Any CPU
		{87AFF34D-1C32-474B-A155-CD79533AEC03}.Release|Any CPU.ActiveCfg = Release|Any CPU
		{87AFF34D-1C32-474B-A155-CD79533AEC03}.Release|Any CPU.Build.0 = Release|Any CPU
		{BCF8BB57-3A66-49DC-B98C-6AB5A374ABB4}.Debug|Any CPU.ActiveCfg = Debug|Any CPU
		{BCF8BB57-3A66-49DC-B98C-6AB5A374ABB4}.Debug|Any CPU.Build.0 = Debug|Any CPU
		{BCF8BB57-3A66-49DC-B98C-6AB5A374ABB4}.Release|Any CPU.ActiveCfg = Release|Any CPU
		{BCF8BB57-3A66-49DC-B98C-6AB5A374ABB4}.Release|Any CPU.Build.0 = Release|Any CPU
	EndGlobalSection
	GlobalSection(SolutionProperties) = preSolution
		HideSolutionNode = FALSE
	EndGlobalSection
	GlobalSection(ExtensibilityGlobals) = postSolution
		SolutionGuid = {417ECAA9-E911-417B-9778-EE818F0AFF98}
	EndGlobalSection
EndGlobal
